Microsoft Visual Studio Solution File, Format Version 11.00
# Visual Studio 2008

Project("{49F8C98F-9ABB-836A-FD32-F41FF3259227}") = "FTK", "Assembly-CSharp.csproj", "{C552D64A-6833-2CF9-B161-496E90CF4D71}"
EndProject
Global
	GlobalSection(SolutionConfigurationPlatforms) = preSolution
		Debug|Any CPU = Debug|Any CPU
		Release|Any CPU = Release|Any CPU
	EndGlobalSection
	GlobalSection(ProjectConfigurationPlatforms) = postSolution
		{C552D64A-6833-2CF9-B161-496E90CF4D71}.Debug|Any CPU.ActiveCfg = Debug|Any CPU
		{C552D64A-6833-2CF9-B161-496E90CF4D71}.Debug|Any CPU.Build.0 = Debug|Any CPU
		{C552D64A-6833-2CF9-B161-496E90CF4D71}.Release|Any CPU.ActiveCfg = Release|Any CPU
		{C552D64A-6833-2CF9-B161-496E90CF4D71}.Release|Any CPU.Build.0 = Release|Any CPU
	EndGlobalSection
	GlobalSection(SolutionProperties) = preSolution
		HideSolutionNode = FALSE
	EndGlobalSection
	GlobalSection(MonoDevelopProperties) = preSolution
		StartupItem = Assembly-CSharp.csproj
	EndGlobalSection
EndGlobal
